<?xml version="1.0" encoding="utf-8"?>
<Project ToolsVersion="4.0" xmlns="http://schemas.microsoft.com/developer/msbuild/2003">
  <ItemGroup>
    <Filter Include="Pliki źródłowe">
      <UniqueIdentifier>{4FC737F1-C7A5-4376-A066-2A32D752A2FF}</UniqueIdentifier>
      <Extensions>cpp;c;cc;cxx;def;odl;idl;hpj;bat;asm;asmx</Extensions>
    </Filter>
    <Filter Include="Pliki nagłówkowe">
      <UniqueIdentifier>{93995380-89BD-4b04-88EB-625FBE52EBFB}</UniqueIdentifier>
      <Extensions>h;hh;hpp;hxx;hm;inl;inc;ipp;xsd</Extensions>
    </Filter>
    <Filter Include="Pliki zasobów">
      <UniqueIdentifier>{67DA6AB6-F800-4c08-8B7A-83BB121AAD01}</UniqueIdentifier>
      <Extensions>rc;ico;cur;bmp;dlg;rc2;rct;bin;rgs;gif;jpg;jpeg;jpe;resx;tiff;tif;png;wav;mfcribbon-ms</Extensions>
    </Filter>
    <Filter Include="Pliki zasobów\data">
      <UniqueIdentifier>{5efcbb26-f1ec-4c87-97dc-35a21671b23a}</UniqueIdentifier>
    </Filter>
    <Filter Include="Pliki zasobów\tables">
      <UniqueIdentifier>{3aa63efc-5a87-489c-82ae-8d7ff3019bc8}</UniqueIdentifier>
    </Filter>
    <Filter Include="Pliki zasobów\pliki_dll">
      <UniqueIdentifier>{69ea6860-6d6e-40db-9a5b-38e8f852b229}</UniqueIdentifier>
    </Filter>
    <Filter Include="Pliki zasobów\query">
      <UniqueIdentifier>{046325d6-7933-4b4e-9d3c-570417fb20cb}</UniqueIdentifier>
    </Filter>
  </ItemGroup>
  <ItemGroup>
    <ClCompile Include="main.cpp">
      <Filter>Pliki źródłowe</Filter>
    </ClCompile>
    <ClCompile Include="baza_danych.cpp">
      <Filter>Pliki źródłowe</Filter>
    </ClCompile>
  </ItemGroup>
  <ItemGroup>
    <ClInclude Include="baza_danych.h">
      <Filter>Pliki nagłówkowe</Filter>
    </ClInclude>
  </ItemGroup>
  <ItemGroup>
    <None Include="..\baza_danych\dane\ask_20_words.sql">
      <Filter>Pliki zasobów\data</Filter>
    </None>
    <None Include="..\baza_danych\dane\ask_20_question.sql">
      <Filter>Pliki zasobów\data</Filter>
    </None>
    <None Include="..\baza_danych\dane\ask_20_relacje.sql">
      <Filter>Pliki zasobów\data</Filter>
    </None>
    <None Include="..\baza_danych\skrypty\struktura.sql">
      <Filter>Pliki zasobów\tables</Filter>
    </None>
    <None Include="..\x64\Debug\ssleay32.dll">
      <Filter>Pliki zasobów\pliki_dll</Filter>
    </None>
    <None Include="..\x64\Debug\libmysql.dll">
      <Filter>Pliki zasobów\pliki_dll</Filter>
    </None>
    <None Include="..\x64\Debug\libeay32.dll">
      <Filter>Pliki zasobów\pliki_dll</Filter>
    </None>
    <None Include="sql_query_examples.sql">
      <Filter>Pliki zasobów\query</Filter>
    </None>
  </ItemGroup>
  <ItemGroup>
    <Text Include="pytania.txt">
      <Filter>Pliki zasobów</Filter>
    </Text>
  </ItemGroup>
</Project>